
Microsoft Visual Studio Solution File, Format Version 12.00
# Visual Studio Version 17
VisualStudioVersion = 17.11.35303.130
MinimumVisualStudioVersion = 10.0.40219.1
Project("{9A19103F-16F7-4668-BE54-9A1E7A4F7556}") = "PWA", "PWA\PWA.csproj", "{7E5AB180-1343-4152-9168-998841C891A0}"
EndProject
Global
	GlobalSection(SolutionConfigurationPlatforms) = preSolution
		Debug|Any CPU = Debug|Any CPU
		Release|Any CPU = Release|Any CPU
	EndGlobalSection
	GlobalSection(ProjectConfigurationPlatforms) = postSolution
		{7E5AB180-1343-4152-9168-998841C891A0}.Debug|Any CPU.ActiveCfg = Debug|Any CPU
		{7E5AB180-1343-4152-9168-998841C891A0}.Debug|Any CPU.Build.0 = Debug|Any CPU
		{7E5AB180-1343-4152-9168-998841C891A0}.Release|Any CPU.ActiveCfg = Release|Any CPU
		{7E5AB180-1343-4152-9168-998841C891A0}.Release|Any CPU.Build.0 = Release|Any CPU
	EndGlobalSection
	GlobalSection(SolutionProperties) = preSolution
		HideSolutionNode = FALSE
	EndGlobalSection
	GlobalSection(ExtensibilityGlobals) = postSolution
		SolutionGuid = {B0E24C8E-90AF-402B-8C08-98736DBA9B4F}
	EndGlobalSection
EndGlobal
